// !$*UTF8*$!
{
	archiveVersion = 1;
	classes = {
	};
	objectVersion = 50;
	objects = {

/* Begin PBXBuildFile section */
		E0A918F424F19E0C000AB05D /* beat-tap WatchKit App.app in Embed Watch Content */ = {isa = PBXBuildFile; fileRef = E0A918F324F19E0C000AB05D /* beat-tap WatchKit App.app */; settings = {ATTRIBUTES = (RemoveHeadersOnCopy, ); }; };
		E0A918FA24F19E0C000AB05D /* Interface.storyboard in Resources */ = {isa = PBXBuildFile; fileRef = E0A918F824F19E0C000AB05D /* Interface.storyboard */; };
		E0A918FC24F19E0D000AB05D /* Assets.xcassets in Resources */ = {isa = PBXBuildFile; fileRef = E0A918FB24F19E0D000AB05D /* Assets.xcassets */; };
		E0A9190324F19E0D000AB05D /* beat-tap WatchKit Extension.appex in Embed App Extensions */ = {isa = PBXBuildFile; fileRef = E0A9190224F19E0D000AB05D /* beat-tap WatchKit Extension.appex */; settings = {ATTRIBUTES = (RemoveHeadersOnCopy, ); }; };
		E0A9190824F19E0D000AB05D /* HostingController.swift in Sources */ = {isa = PBXBuildFile; fileRef = E0A9190724F19E0D000AB05D /* HostingController.swift */; };
		E0A9190A24F19E0D000AB05D /* ContentView.swift in Sources */ = {isa = PBXBuildFile; fileRef = E0A9190924F19E0D000AB05D /* ContentView.swift */; };
		E0A9190C24F19E0D000AB05D /* ExtensionDelegate.swift in Sources */ = {isa = PBXBuildFile; fileRef = E0A9190B24F19E0D000AB05D /* ExtensionDelegate.swift */; };
		E0A9191024F19E0E000AB05D /* Assets.xcassets in Resources */ = {isa = PBXBuildFile; fileRef = E0A9190F24F19E0E000AB05D /* Assets.xcassets */; };
		E0A9191324F19E0E000AB05D /* Preview Assets.xcassets in Resources */ = {isa = PBXBuildFile; fileRef = E0A9191224F19E0E000AB05D /* Preview Assets.xcassets */; };
		E0A9192524F2AD6B000AB05D /* LICENSE in Resources */ = {isa = PBXBuildFile; fileRef = E0A9192424F2AD6B000AB05D /* LICENSE */; };
/* End PBXBuildFile section */

/* Begin PBXContainerItemProxy section */
		E0A918F524F19E0C000AB05D /* PBXContainerItemProxy */ = {
			isa = PBXContainerItemProxy;
			containerPortal = E0A918E924F19E0B000AB05D /* Project object */;
			proxyType = 1;
			remoteGlobalIDString = E0A918F224F19E0C000AB05D;
			remoteInfo = "beat-tap WatchKit App";
		};
		E0A9190424F19E0D000AB05D /* PBXContainerItemProxy */ = {
			isa = PBXContainerItemProxy;
			containerPortal = E0A918E924F19E0B000AB05D /* Project object */;
			proxyType = 1;
			remoteGlobalIDString = E0A9190124F19E0D000AB05D;
			remoteInfo = "beat-tap WatchKit Extension";
		};
/* End PBXContainerItemProxy section */

/* Begin PBXCopyFilesBuildPhase section */
		E0A9191A24F19E0E000AB05D /* Embed App Extensions */ = {
			isa = PBXCopyFilesBuildPhase;
			buildActionMask = 2147483647;
			dstPath = "";
			dstSubfolderSpec = 13;
			files = (
				E0A9190324F19E0D000AB05D /* beat-tap WatchKit Extension.appex in Embed App Extensions */,
			);
			name = "Embed App Extensions";
			runOnlyForDeploymentPostprocessing = 0;
		};
		E0A9191E24F19E0E000AB05D /* Embed Watch Content */ = {
			isa = PBXCopyFilesBuildPhase;
			buildActionMask = 2147483647;
			dstPath = "$(CONTENTS_FOLDER_PATH)/Watch";
			dstSubfolderSpec = 16;
			files = (
				E0A918F424F19E0C000AB05D /* beat-tap WatchKit App.app in Embed Watch Content */,
			);
			name = "Embed Watch Content";
			runOnlyForDeploymentPostprocessing = 0;
		};
/* End PBXCopyFilesBuildPhase section */

/* Begin PBXFileReference section */
		E0A918EF24F19E0B000AB05D /* beat-tap.app */ = {isa = PBXFileReference; explicitFileType = wrapper.application; includeInIndex = 0; path = "beat-tap.app"; sourceTree = BUILT_PRODUCTS_DIR; };
		E0A918F324F19E0C000AB05D /* beat-tap WatchKit App.app */ = {isa = PBXFileReference; explicitFileType = wrapper.application; includeInIndex = 0; path = "beat-tap WatchKit App.app"; sourceTree = BUILT_PRODUCTS_DIR; };
		E0A918F924F19E0C000AB05D /* Base */ = {isa = PBXFileReference; lastKnownFileType = file.storyboard; name = Base; path = Base.lproj/Interface.storyboard; sourceTree = "<group>"; };
		E0A918FB24F19E0D000AB05D /* Assets.xcassets */ = {isa = PBXFileReference; lastKnownFileType = folder.assetcatalog; path = Assets.xcassets; sourceTree = "<group>"; };
		E0A918FD24F19E0D000AB05D /* Info.plist */ = {isa = PBXFileReference; lastKnownFileType = text.plist.xml; name = Info.plist; path = "beat-tap/Info.plist"; sourceTree = SOURCE_ROOT; };
		E0A9190224F19E0D000AB05D /* beat-tap WatchKit Extension.appex */ = {isa = PBXFileReference; explicitFileType = "wrapper.app-extension"; includeInIndex = 0; path = "beat-tap WatchKit Extension.appex"; sourceTree = BUILT_PRODUCTS_DIR; };
		E0A9190724F19E0D000AB05D /* HostingController.swift */ = {isa = PBXFileReference; lastKnownFileType = sourcecode.swift; path = HostingController.swift; sourceTree = "<group>"; };
		E0A9190924F19E0D000AB05D /* ContentView.swift */ = {isa = PBXFileReference; lastKnownFileType = sourcecode.swift; path = ContentView.swift; sourceTree = "<group>"; };
		E0A9190B24F19E0D000AB05D /* ExtensionDelegate.swift */ = {isa = PBXFileReference; lastKnownFileType = sourcecode.swift; path = ExtensionDelegate.swift; sourceTree = "<group>"; };
		E0A9190F24F19E0E000AB05D /* Assets.xcassets */ = {isa = PBXFileReference; lastKnownFileType = folder.assetcatalog; path = Assets.xcassets; sourceTree = "<group>"; };
		E0A9191224F19E0E000AB05D /* Preview Assets.xcassets */ = {isa = PBXFileReference; lastKnownFileType = folder.assetcatalog; path = "Preview Assets.xcassets"; sourceTree = "<group>"; };
		E0A9191424F19E0E000AB05D /* Info.plist */ = {isa = PBXFileReference; lastKnownFileType = text.plist.xml; path = Info.plist; sourceTree = "<group>"; };
		E0A9192424F2AD6B000AB05D /* LICENSE */ = {isa = PBXFileReference; lastKnownFileType = text; path = LICENSE; sourceTree = "<group>"; };
/* End PBXFileReference section */

/* Begin PBXFrameworksBuildPhase section */
		E0A918FF24F19E0D000AB05D /* Frameworks */ = {
			isa = PBXFrameworksBuildPhase;
			buildActionMask = 2147483647;
			files = (
			);
			runOnlyForDeploymentPostprocessing = 0;
		};
/* End PBXFrameworksBuildPhase section */

/* Begin PBXGroup section */
		E0A918E824F19E0B000AB05D = {
			isa = PBXGroup;
			children = (
				E0A9192424F2AD6B000AB05D /* LICENSE */,
				E0A918F724F19E0C000AB05D /* beat-tap */,
				E0A9190624F19E0D000AB05D /* beat-tap WatchKit Extension */,
				E0A918F024F19E0B000AB05D /* Products */,
			);
			sourceTree = "<group>";
		};
		E0A918F024F19E0B000AB05D /* Products */ = {
			isa = PBXGroup;
			children = (
				E0A918EF24F19E0B000AB05D /* beat-tap.app */,
				E0A918F324F19E0C000AB05D /* beat-tap WatchKit App.app */,
				E0A9190224F19E0D000AB05D /* beat-tap WatchKit Extension.appex */,
			);
			name = Products;
			sourceTree = "<group>";
		};
		E0A918F724F19E0C000AB05D /* beat-tap */ = {
			isa = PBXGroup;
			children = (
				E0A918F824F19E0C000AB05D /* Interface.storyboard */,
				E0A918FB24F19E0D000AB05D /* Assets.xcassets */,
				E0A918FD24F19E0D000AB05D /* Info.plist */,
			);
			path = "beat-tap";
			sourceTree = "<group>";
		};
		E0A9190624F19E0D000AB05D /* beat-tap WatchKit Extension */ = {
			isa = PBXGroup;
			children = (
				E0A9190724F19E0D000AB05D /* HostingController.swift */,
				E0A9190924F19E0D000AB05D /* ContentView.swift */,
				E0A9190B24F19E0D000AB05D /* ExtensionDelegate.swift */,
				E0A9190F24F19E0E000AB05D /* Assets.xcassets */,
				E0A9191424F19E0E000AB05D /* Info.plist */,
				E0A9191124F19E0E000AB05D /* Preview Content */,
			);
			path = "beat-tap WatchKit Extension";
			sourceTree = "<group>";
		};
		E0A9191124F19E0E000AB05D /* Preview Content */ = {
			isa = PBXGroup;
			children = (
				E0A9191224F19E0E000AB05D /* Preview Assets.xcassets */,
			);
			path = "Preview Content";
			sourceTree = "<group>";
		};
/* End PBXGroup section */

/* Begin PBXNativeTarget section */
		E0A918EE24F19E0B000AB05D /* beat-tap */ = {
			isa = PBXNativeTarget;
			buildConfigurationList = E0A9191F24F19E0E000AB05D /* Build configuration list for PBXNativeTarget "beat-tap" */;
			buildPhases = (
				E0A918ED24F19E0B000AB05D /* Resources */,
				E0A9191E24F19E0E000AB05D /* Embed Watch Content */,
			);
			buildRules = (
			);
			dependencies = (
				E0A918F624F19E0C000AB05D /* PBXTargetDependency */,
			);
			name = "beat-tap";
			productName = "beat-tap";
			productReference = E0A918EF24F19E0B000AB05D /* beat-tap.app */;
			productType = "com.apple.product-type.application.watchapp2-container";
		};
		E0A918F224F19E0C000AB05D /* beat-tap WatchKit App */ = {
			isa = PBXNativeTarget;
			buildConfigurationList = E0A9191B24F19E0E000AB05D /* Build configuration list for PBXNativeTarget "beat-tap WatchKit App" */;
			buildPhases = (
				E0A918F124F19E0C000AB05D /* Resources */,
				E0A9191A24F19E0E000AB05D /* Embed App Extensions */,
			);
			buildRules = (
			);
			dependencies = (
				E0A9190524F19E0D000AB05D /* PBXTargetDependency */,
			);
			name = "beat-tap WatchKit App";
			productName = "beat-tap WatchKit App";
			productReference = E0A918F324F19E0C000AB05D /* beat-tap WatchKit App.app */;
			productType = "com.apple.product-type.application.watchapp2";
		};
		E0A9190124F19E0D000AB05D /* beat-tap WatchKit Extension */ = {
			isa = PBXNativeTarget;
			buildConfigurationList = E0A9191724F19E0E000AB05D /* Build configuration list for PBXNativeTarget "beat-tap WatchKit Extension" */;
			buildPhases = (
				E0A918FE24F19E0D000AB05D /* Sources */,
				E0A918FF24F19E0D000AB05D /* Frameworks */,
				E0A9190024F19E0D000AB05D /* Resources */,
			);
			buildRules = (
			);
			dependencies = (
			);
			name = "beat-tap WatchKit Extension";
			productName = "beat-tap WatchKit Extension";
			productReference = E0A9190224F19E0D000AB05D /* beat-tap WatchKit Extension.appex */;
			productType = "com.apple.product-type.watchkit2-extension";
		};
/* End PBXNativeTarget section */

/* Begin PBXProject section */
		E0A918E924F19E0B000AB05D /* Project object */ = {
			isa = PBXProject;
			attributes = {
				LastSwiftUpdateCheck = 1200;
				LastUpgradeCheck = 1200;
				TargetAttributes = {
					E0A918EE24F19E0B000AB05D = {
						CreatedOnToolsVersion = 12.0;
					};
					E0A918F224F19E0C000AB05D = {
						CreatedOnToolsVersion = 12.0;
					};
					E0A9190124F19E0D000AB05D = {
						CreatedOnToolsVersion = 12.0;
					};
				};
			};
			buildConfigurationList = E0A918EC24F19E0B000AB05D /* Build configuration list for PBXProject "beat-tap" */;
			compatibilityVersion = "Xcode 9.3";
			developmentRegion = en;
			hasScannedForEncodings = 0;
			knownRegions = (
				en,
				Base,
			);
			mainGroup = E0A918E824F19E0B000AB05D;
			productRefGroup = E0A918F024F19E0B000AB05D /* Products */;
			projectDirPath = "";
			projectRoot = "";
			targets = (
				E0A918EE24F19E0B000AB05D /* beat-tap */,
				E0A918F224F19E0C000AB05D /* beat-tap WatchKit App */,
				E0A9190124F19E0D000AB05D /* beat-tap WatchKit Extension */,
			);
		};
/* End PBXProject section */

/* Begin PBXResourcesBuildPhase section */
		E0A918ED24F19E0B000AB05D /* Resources */ = {
			isa = PBXResourcesBuildPhase;
			buildActionMask = 2147483647;
			files = (
			);
			runOnlyForDeploymentPostprocessing = 0;
		};
		E0A918F124F19E0C000AB05D /* Resources */ = {
			isa = PBXResourcesBuildPhase;
			buildActionMask = 2147483647;
			files = (
				E0A918FC24F19E0D000AB05D /* Assets.xcassets in Resources */,
				E0A918FA24F19E0C000AB05D /* Interface.storyboard in Resources */,
			);
			runOnlyForDeploymentPostprocessing = 0;
		};
		E0A9190024F19E0D000AB05D /* Resources */ = {
			isa = PBXResourcesBuildPhase;
			buildActionMask = 2147483647;
			files = (
				E0A9192524F2AD6B000AB05D /* LICENSE in Resources */,
				E0A9191324F19E0E000AB05D /* Preview Assets.xcassets in Resources */,
				E0A9191024F19E0E000AB05D /* Assets.xcassets in Resources */,
			);
			runOnlyForDeploymentPostprocessing = 0;
		};
/* End PBXResourcesBuildPhase section */

/* Begin PBXSourcesBuildPhase section */
		E0A918FE24F19E0D000AB05D /* Sources */ = {
			isa = PBXSourcesBuildPhase;
			buildActionMask = 2147483647;
			files = (
				E0A9190A24F19E0D000AB05D /* ContentView.swift in Sources */,
				E0A9190824F19E0D000AB05D /* HostingController.swift in Sources */,
				E0A9190C24F19E0D000AB05D /* ExtensionDelegate.swift in Sources */,
			);
			runOnlyForDeploymentPostprocessing = 0;
		};
/* End PBXSourcesBuildPhase section */

/* Begin PBXTargetDependency section */
		E0A918F624F19E0C000AB05D /* PBXTargetDependency */ = {
			isa = PBXTargetDependency;
			target = E0A918F224F19E0C000AB05D /* beat-tap WatchKit App */;
			targetProxy = E0A918F524F19E0C000AB05D /* PBXContainerItemProxy */;
		};
		E0A9190524F19E0D000AB05D /* PBXTargetDependency */ = {
			isa = PBXTargetDependency;
			target = E0A9190124F19E0D000AB05D /* beat-tap WatchKit Extension */;
			targetProxy = E0A9190424F19E0D000AB05D /* PBXContainerItemProxy */;
		};
/* End PBXTargetDependency section */

/* Begin PBXVariantGroup section */
		E0A918F824F19E0C000AB05D /* Interface.storyboard */ = {
			isa = PBXVariantGroup;
			children = (
				E0A918F924F19E0C000AB05D /* Base */,
			);
			name = Interface.storyboard;
			sourceTree = "<group>";
		};
/* End PBXVariantGroup section */

/* Begin XCBuildConfiguration section */
		E0A9191524F19E0E000AB05D /* Debug */ = {
			isa = XCBuildConfiguration;
			buildSettings = {
				ALWAYS_SEARCH_USER_PATHS = NO;
				CLANG_ANALYZER_NONNULL = YES;
				CLANG_ANALYZER_NUMBER_OBJECT_CONVERSION = YES_AGGRESSIVE;
				CLANG_CXX_LANGUAGE_STANDARD = "gnu++14";
				CLANG_CXX_LIBRARY = "libc++";
				CLANG_ENABLE_MODULES = YES;
				CLANG_ENABLE_OBJC_ARC = YES;
				CLANG_ENABLE_OBJC_WEAK = YES;
				CLANG_WARN_BLOCK_CAPTURE_AUTORELEASING = YES;
				CLANG_WARN_BOOL_CONVERSION = YES;
				CLANG_WARN_COMMA = YES;
				CLANG_WARN_CONSTANT_CONVERSION = YES;
				CLANG_WARN_DEPRECATED_OBJC_IMPLEMENTATIONS = YES;
				CLANG_WARN_DIRECT_OBJC_ISA_USAGE = YES_ERROR;
				CLANG_WARN_DOCUMENTATION_COMMENTS = YES;
				CLANG_WARN_EMPTY_BODY = YES;
				CLANG_WARN_ENUM_CONVERSION = YES;
				CLANG_WARN_INFINITE_RECURSION = YES;
				CLANG_WARN_INT_CONVERSION = YES;
				CLANG_WARN_NON_LITERAL_NULL_CONVERSION = YES;
				CLANG_WARN_OBJC_IMPLICIT_RETAIN_SELF = YES;
				CLANG_WARN_OBJC_LITERAL_CONVERSION = YES;
				CLANG_WARN_OBJC_ROOT_CLASS = YES_ERROR;
				CLANG_WARN_QUOTED_INCLUDE_IN_FRAMEWORK_HEADER = YES;
				CLANG_WARN_RANGE_LOOP_ANALYSIS = YES;
				CLANG_WARN_STRICT_PROTOTYPES = YES;
				CLANG_WARN_SUSPICIOUS_MOVE = YES;
				CLANG_WARN_UNGUARDED_AVAILABILITY = YES_AGGRESSIVE;
				CLANG_WARN_UNREACHABLE_CODE = YES;
				CLANG_WARN__DUPLICATE_METHOD_MATCH = YES;
				COPY_PHASE_STRIP = NO;
				DEBUG_INFORMATION_FORMAT = dwarf;
				ENABLE_STRICT_OBJC_MSGSEND = YES;
				ENABLE_TESTABILITY = YES;
				GCC_C_LANGUAGE_STANDARD = gnu11;
				GCC_DYNAMIC_NO_PIC = NO;
				GCC_NO_COMMON_BLOCKS = YES;
				GCC_OPTIMIZATION_LEVEL = 0;
				GCC_PREPROCESSOR_DEFINITIONS = (
					"DEBUG=1",
					"$(inherited)",
				);
				GCC_WARN_64_TO_32_BIT_CONVERSION = YES;
				GCC_WARN_ABOUT_RETURN_TYPE = YES_ERROR;
				GCC_WARN_UNDECLARED_SELECTOR = YES;
				GCC_WARN_UNINITIALIZED_AUTOS = YES_AGGRESSIVE;
				GCC_WARN_UNUSED_FUNCTION = YES;
				GCC_WARN_UNUSED_VARIABLE = YES;
				INFOPLIST_FILE = "";
				MTL_ENABLE_DEBUG_INFO = INCLUDE_SOURCE;
				MTL_FAST_MATH = YES;
				ONLY_ACTIVE_ARCH = YES;
				SDKROOT = iphoneos;
				SWIFT_ACTIVE_COMPILATION_CONDITIONS = DEBUG;
				SWIFT_OPTIMIZATION_LEVEL = "-Onone";
			};
			name = Debug;
		};
		E0A9191624F19E0E000AB05D /* Release */ = {
			isa = XCBuildConfiguration;
			buildSettings = {
				ALWAYS_SEARCH_USER_PATHS = NO;
				CLANG_ANALYZER_NONNULL = YES;
				CLANG_ANALYZER_NUMBER_OBJECT_CONVERSION = YES_AGGRESSIVE;
				CLANG_CXX_LANGUAGE_STANDARD = "gnu++14";
				CLANG_CXX_LIBRARY = "libc++";
				CLANG_ENABLE_MODULES = YES;
				CLANG_ENABLE_OBJC_ARC = YES;
				CLANG_ENABLE_OBJC_WEAK = YES;
				CLANG_WARN_BLOCK_CAPTURE_AUTORELEASING = YES;
				CLANG_WARN_BOOL_CONVERSION = YES;
				CLANG_WARN_COMMA = YES;
				CLANG_WARN_CONSTANT_CONVERSION = YES;
				CLANG_WARN_DEPRECATED_OBJC_IMPLEMENTATIONS = YES;
				CLANG_WARN_DIRECT_OBJC_ISA_USAGE = YES_ERROR;
				CLANG_WARN_DOCUMENTATION_COMMENTS = YES;
				CLANG_WARN_EMPTY_BODY = YES;
				CLANG_WARN_ENUM_CONVERSION = YES;
				CLANG_WARN_INFINITE_RECURSION = YES;
				CLANG_WARN_INT_CONVERSION = YES;
				CLANG_WARN_NON_LITERAL_NULL_CONVERSION = YES;
				CLANG_WARN_OBJC_IMPLICIT_RETAIN_SELF = YES;
				CLANG_WARN_OBJC_LITERAL_CONVERSION = YES;
				CLANG_WARN_OBJC_ROOT_CLASS = YES_ERROR;
				CLANG_WARN_QUOTED_INCLUDE_IN_FRAMEWORK_HEADER = YES;
				CLANG_WARN_RANGE_LOOP_ANALYSIS = YES;
				CLANG_WARN_STRICT_PROTOTYPES = YES;
				CLANG_WARN_SUSPICIOUS_MOVE = YES;
				CLANG_WARN_UNGUARDED_AVAILABILITY = YES_AGGRESSIVE;
				CLANG_WARN_UNREACHABLE_CODE = YES;
				CLANG_WARN__DUPLICATE_METHOD_MATCH = YES;
				COPY_PHASE_STRIP = NO;
				DEBUG_INFORMATION_FORMAT = "dwarf-with-dsym";
				ENABLE_NS_ASSERTIONS = NO;
				ENABLE_STRICT_OBJC_MSGSEND = YES;
				GCC_C_LANGUAGE_STANDARD = gnu11;
				GCC_NO_COMMON_BLOCKS = YES;
				GCC_WARN_64_TO_32_BIT_CONVERSION = YES;
				GCC_WARN_ABOUT_RETURN_TYPE = YES_ERROR;
				GCC_WARN_UNDECLARED_SELECTOR = YES;
				GCC_WARN_UNINITIALIZED_AUTOS = YES_AGGRESSIVE;
				GCC_WARN_UNUSED_FUNCTION = YES;
				GCC_WARN_UNUSED_VARIABLE = YES;
				INFOPLIST_FILE = "";
				MTL_ENABLE_DEBUG_INFO = NO;
				MTL_FAST_MATH = YES;
				SDKROOT = iphoneos;
				SWIFT_COMPILATION_MODE = wholemodule;
				SWIFT_OPTIMIZATION_LEVEL = "-O";
				VALIDATE_PRODUCT = YES;
			};
			name = Release;
		};
		E0A9191824F19E0E000AB05D /* Debug */ = {
			isa = XCBuildConfiguration;
			buildSettings = {
				ASSETCATALOG_COMPILER_COMPLICATION_NAME = "";
				CODE_SIGN_STYLE = Automatic;
				DEVELOPMENT_ASSET_PATHS = "\"beat-tap WatchKit Extension/Preview Content\"";
				DEVELOPMENT_TEAM = T2N82SS54Y;
				ENABLE_PREVIEWS = YES;
				INFOPLIST_FILE = "beat-tap WatchKit Extension/Info.plist";
				LD_RUNPATH_SEARCH_PATHS = (
					"$(inherited)",
					"@executable_path/Frameworks",
					"@executable_path/../../Frameworks",
				);
				PRODUCT_BUNDLE_IDENTIFIER = "marcwestermann.beat-tap.watchkitapp.watchkitextension";
				PRODUCT_NAME = "${TARGET_NAME}";
				SDKROOT = watchos;
				SKIP_INSTALL = YES;
				SWIFT_VERSION = 5.0;
				TARGETED_DEVICE_FAMILY = 4;
				WATCHOS_DEPLOYMENT_TARGET = 6.2;
			};
			name = Debug;
		};
		E0A9191924F19E0E000AB05D /* Release */ = {
			isa = XCBuildConfiguration;
			buildSettings = {
				ASSETCATALOG_COMPILER_COMPLICATION_NAME = "";
				CODE_SIGN_STYLE = Automatic;
				DEVELOPMENT_ASSET_PATHS = "\"beat-tap WatchKit Extension/Preview Content\"";
				DEVELOPMENT_TEAM = T2N82SS54Y;
				ENABLE_PREVIEWS = YES;
				INFOPLIST_FILE = "beat-tap WatchKit Extension/Info.plist";
				LD_RUNPATH_SEARCH_PATHS = (
					"$(inherited)",
					"@executable_path/Frameworks",
					"@executable_path/../../Frameworks",
				);
				PRODUCT_BUNDLE_IDENTIFIER = "marcwestermann.beat-tap.watchkitapp.watchkitextension";
				PRODUCT_NAME = "${TARGET_NAME}";
				SDKROOT = watchos;
				SKIP_INSTALL = YES;
				SWIFT_VERSION = 5.0;
				TARGETED_DEVICE_FAMILY = 4;
				WATCHOS_DEPLOYMENT_TARGET = 6.2;
			};
			name = Release;
		};
		E0A9191C24F19E0E000AB05D /* Debug */ = {
			isa = XCBuildConfiguration;
			buildSettings = {
				ALWAYS_EMBED_SWIFT_STANDARD_LIBRARIES = YES;
				ASSETCATALOG_COMPILER_APPICON_NAME = AppIcon;
				ASSETCATALOG_COMPILER_GLOBAL_ACCENT_COLOR_NAME = AccentColor;
				CODE_SIGN_STYLE = Automatic;
				DEVELOPMENT_TEAM = T2N82SS54Y;
				IBSC_MODULE = beat_tap_WatchKit_Extension;
				INFOPLIST_FILE = "beat-tap/Info.plist";
				PRODUCT_BUNDLE_IDENTIFIER = "marcwestermann.beat-tap.watchkitapp";
				PRODUCT_NAME = "$(TARGET_NAME)";
				SDKROOT = watchos;
				SKIP_INSTALL = YES;
				SWIFT_VERSION = 5.0;
				TARGETED_DEVICE_FAMILY = 4;
				WATCHOS_DEPLOYMENT_TARGET = 6.2;
			};
			name = Debug;
		};
		E0A9191D24F19E0E000AB05D /* Release */ = {
			isa = XCBuildConfiguration;
			buildSettings = {
				ALWAYS_EMBED_SWIFT_STANDARD_LIBRARIES = YES;
				ASSETCATALOG_COMPILER_APPICON_NAME = AppIcon;
				ASSETCATALOG_COMPILER_GLOBAL_ACCENT_COLOR_NAME = AccentColor;
				CODE_SIGN_STYLE = Automatic;
				DEVELOPMENT_TEAM = T2N82SS54Y;
				IBSC_MODULE = beat_tap_WatchKit_Extension;
				INFOPLIST_FILE = "beat-tap/Info.plist";
				PRODUCT_BUNDLE_IDENTIFIER = "marcwestermann.beat-tap.watchkitapp";
				PRODUCT_NAME = "$(TARGET_NAME)";
				SDKROOT = watchos;
				SKIP_INSTALL = YES;
				SWIFT_VERSION = 5.0;
				TARGETED_DEVICE_FAMILY = 4;
				WATCHOS_DEPLOYMENT_TARGET = 6.2;
			};
			name = Release;
		};
		E0A9192024F19E0E000AB05D /* Debug */ = {
			isa = XCBuildConfiguration;
			buildSettings = {
				CODE_SIGN_STYLE = Automatic;
				CURRENT_PROJECT_VERSION = 3;
				DEVELOPMENT_TEAM = T2N82SS54Y;
				MARKETING_VERSION = 1.2;
				PRODUCT_BUNDLE_IDENTIFIER = "marcwestermann.beat-tap";
				PRODUCT_NAME = "$(TARGET_NAME)";
				SWIFT_VERSION = 5.0;
			};
			name = Debug;
		};
		E0A9192124F19E0E000AB05D /* Release */ = {
			isa = XCBuildConfiguration;
			buildSettings = {
				CODE_SIGN_STYLE = Automatic;
				CURRENT_PROJECT_VERSION = 3;
				DEVELOPMENT_TEAM = T2N82SS54Y;
				MARKETING_VERSION = 1.2;
				PRODUCT_BUNDLE_IDENTIFIER = "marcwestermann.beat-tap";
				PRODUCT_NAME = "$(TARGET_NAME)";
				SWIFT_VERSION = 5.0;
			};
			name = Release;
		};
/* End XCBuildConfiguration section */

/* Begin XCConfigurationList section */
		E0A918EC24F19E0B000AB05D /* Build configuration list for PBXProject "beat-tap" */ = {
			isa = XCConfigurationList;
			buildConfigurations = (
				E0A9191524F19E0E000AB05D /* Debug */,
				E0A9191624F19E0E000AB05D /* Release */,
			);
			defaultConfigurationIsVisible = 0;
			defaultConfigurationName = Release;
		};
		E0A9191724F19E0E000AB05D /* Build configuration list for PBXNativeTarget "beat-tap WatchKit Extension" */ = {
			isa = XCConfigurationList;
			buildConfigurations = (
				E0A9191824F19E0E000AB05D /* Debug */,
				E0A9191924F19E0E000AB05D /* Release */,
			);
			defaultConfigurationIsVisible = 0;
			defaultConfigurationName = Release;
		};
		E0A9191B24F19E0E000AB05D /* Build configuration list for PBXNativeTarget "beat-tap WatchKit App" */ = {
			isa = XCConfigurationList;
			buildConfigurations = (
				E0A9191C24F19E0E000AB05D /* Debug */,
				E0A9191D24F19E0E000AB05D /* Release */,
			);
			defaultConfigurationIsVisible = 0;
			defaultConfigurationName = Release;
		};
		E0A9191F24F19E0E000AB05D /* Build configuration list for PBXNativeTarget "beat-tap" */ = {
			isa = XCConfigurationList;
			buildConfigurations = (
				E0A9192024F19E0E000AB05D /* Debug */,
				E0A9192124F19E0E000AB05D /* Release */,
			);
			defaultConfigurationIsVisible = 0;
			defaultConfigurationName = Release;
		};
/* End XCConfigurationList section */
	};
	rootObject = E0A918E924F19E0B000AB05D /* Project object */;
}
